
Microsoft Visual Studio Solution File, Format Version 12.00
# Visual Studio Version 16
VisualStudioVersion = 16.0.28803.202
MinimumVisualStudioVersion = 10.0.40219.1
Project("{9A19103F-16F7-4668-BE54-9A1E7A4F7556}") = "API", "API\API.csproj", "{B6529DF4-76E6-4F05-A311-D343D7337533}"
EndProject
Project("{FAE04EC0-301F-11D3-BF4B-00C04F79EFBC}") = "WebSite", "WebSite\WebSite.csproj", "{7B70D972-5D7B-4FFD-98B4-4F94AE8F2376}"
EndProject
Global
	GlobalSection(SolutionConfigurationPlatforms) = preSolution
		Debug|Any CPU = Debug|Any CPU
		Release|Any CPU = Release|Any CPU
	EndGlobalSection
	GlobalSection(ProjectConfigurationPlatforms) = postSolution
		{B6529DF4-76E6-4F05-A311-D343D7337533}.Debug|Any CPU.ActiveCfg = Debug|Any CPU
		{B6529DF4-76E6-4F05-A311-D343D7337533}.Debug|Any CPU.Build.0 = Debug|Any CPU
		{B6529DF4-76E6-4F05-A311-D343D7337533}.Release|Any CPU.ActiveCfg = Release|Any CPU
		{B6529DF4-76E6-4F05-A311-D343D7337533}.Release|Any CPU.Build.0 = Release|Any CPU
		{7B70D972-5D7B-4FFD-98B4-4F94AE8F2376}.Debug|Any CPU.ActiveCfg = Debug|Any CPU
		{7B70D972-5D7B-4FFD-98B4-4F94AE8F2376}.Debug|Any CPU.Build.0 = Debug|Any CPU
		{7B70D972-5D7B-4FFD-98B4-4F94AE8F2376}.Release|Any CPU.ActiveCfg = Release|Any CPU
		{7B70D972-5D7B-4FFD-98B4-4F94AE8F2376}.Release|Any CPU.Build.0 = Release|Any CPU
	EndGlobalSection
	GlobalSection(SolutionProperties) = preSolution
		HideSolutionNode = FALSE
	EndGlobalSection
	GlobalSection(ExtensibilityGlobals) = postSolution
		SolutionGuid = {EBCC4023-FF82-47E2-A961-9172D53E7705}
	EndGlobalSection
EndGlobal
